Microsoft Visual Studio Solution File, Format Version 12.00# Visual Studio 2012Project("{FAE04EC0-301F-11D3-BF4B-00C04F79EFBC}") = "CompilerTool.Entities", "CompilerTool.Entities\CompilerTool.Entities.csproj", "{02328FC7-A040-48F0-A182-0DEFD48C15F2}"EndProjectProject("{FAE04EC0-301F-11D3-BF4B-00C04F79EFBC}") = "CompilerTool.Daos.Interfaces", "CompilerTool.Daos.Interfaces\CompilerTool.Daos.Interfaces.csproj", "{601EE450-E255-4548-A61B-69B912BE39E5}"EndProjectProject("{FAE04EC0-301F-11D3-BF4B-00C04F79EFBC}") = "CompilerTool.Services.Interfaces", "CompilerTool.Services.Interfaces\CompilerTool.Services.Interfaces.csproj", "{D6C920EA-F602-46F3-89DB-66D2534E35F9}"EndProjectProject("{FAE04EC0-301F-11D3-BF4B-00C04F79EFBC}") = "CompilerTool.Daos", "CompilerTool.Daos\CompilerTool.Daos.csproj", "{E3181E15-DE45-4B20-8902-D608FA0373DB}"EndProjectProject("{FAE04EC0-301F-11D3-BF4B-00C04F79EFBC}") = "CompilerTool.Services", "CompilerTool.Services\CompilerTool.Services.csproj", "{B3D78972-0605-4EFD-9DDD-3B04C040F76F}"EndProjectProject("{FAE04EC0-301F-11D3-BF4B-00C04F79EFBC}") = "CompilerTool.TestData", "CompilerTool.TestData\CompilerTool.TestData.csproj", "{7BB96F28-9A86-477D-9BF8-1D86942548F9}"EndProjectProject("{FAE04EC0-301F-11D3-BF4B-00C04F79EFBC}") = "CompilerTool.Daos.Mocks", "CompilerTool.Daos.Mocks\CompilerTool.Daos.Mocks.csproj", "{E7AEB8B3-38D2-4FD8-AF00-26F47C96610B}"EndProjectProject("{FAE04EC0-301F-11D3-BF4B-00C04F79EFBC}") = "CompilerTool.Daos.Tests", "CompilerTool.Daos.Tests\CompilerTool.Daos.Tests.csproj", "{561F33C7-19FC-4DFF-BDB2-B94885B292C3}"EndProjectProject("{FAE04EC0-301F-11D3-BF4B-00C04F79EFBC}") = "CompilerTool.Services.Tests", "CompilerTool.Services.Tests\CompilerTool.Services.Tests.csproj", "{986277F3-A17C-47E2-8841-DB31016504CD}"EndProjectProject("{FAE04EC0-301F-11D3-BF4B-00C04F79EFBC}") = "CompilerTool.Web", "CompilerTool.Web\CompilerTool.Web.csproj", "{75FD3DD2-B6AC-45E6-90CF-476017F3711A}"EndProjectProject("{FAE04EC0-301F-11D3-BF4B-00C04F79EFBC}") = "CompilerTool.WebApi", "CompilerTool.WebApi\CompilerTool.WebApi.csproj", "{240F6641-AC83-4928-BB9F-3FF0556D6B5F}"EndProjectGlobal	GlobalSection(SolutionConfigurationPlatforms) = preSolution		Debug|Any CPU = Debug|Any CPU		Release|Any CPU = Release|Any CPU	EndGlobalSection	GlobalSection(ProjectConfigurationPlatforms) = postSolution		{02328FC7-A040-48F0-A182-0DEFD48C15F2}.Debug|Any CPU.ActiveCfg = Debug|Any CPU		{02328FC7-A040-48F0-A182-0DEFD48C15F2}.Debug|Any CPU.Build.0 = Debug|Any CPU		{02328FC7-A040-48F0-A182-0DEFD48C15F2}.Release|Any CPU.ActiveCfg = Release|Any CPU		{02328FC7-A040-48F0-A182-0DEFD48C15F2}.Release|Any CPU.Build.0 = Release|Any CPU		{601EE450-E255-4548-A61B-69B912BE39E5}.Debug|Any CPU.ActiveCfg = Debug|Any CPU		{601EE450-E255-4548-A61B-69B912BE39E5}.Debug|Any CPU.Build.0 = Debug|Any CPU		{601EE450-E255-4548-A61B-69B912BE39E5}.Release|Any CPU.ActiveCfg = Release|Any CPU		{601EE450-E255-4548-A61B-69B912BE39E5}.Release|Any CPU.Build.0 = Release|Any CPU		{D6C920EA-F602-46F3-89DB-66D2534E35F9}.Debug|Any CPU.ActiveCfg = Debug|Any CPU		{D6C920EA-F602-46F3-89DB-66D2534E35F9}.Debug|Any CPU.Build.0 = Debug|Any CPU		{D6C920EA-F602-46F3-89DB-66D2534E35F9}.Release|Any CPU.ActiveCfg = Release|Any CPU		{D6C920EA-F602-46F3-89DB-66D2534E35F9}.Release|Any CPU.Build.0 = Release|Any CPU		{E3181E15-DE45-4B20-8902-D608FA0373DB}.Debug|Any CPU.ActiveCfg = Debug|Any CPU		{E3181E15-DE45-4B20-8902-D608FA0373DB}.Debug|Any CPU.Build.0 = Debug|Any CPU		{E3181E15-DE45-4B20-8902-D608FA0373DB}.Release|Any CPU.ActiveCfg = Release|Any CPU		{E3181E15-DE45-4B20-8902-D608FA0373DB}.Release|Any CPU.Build.0 = Release|Any CPU		{B3D78972-0605-4EFD-9DDD-3B04C040F76F}.Debug|Any CPU.ActiveCfg = Debug|Any CPU		{B3D78972-0605-4EFD-9DDD-3B04C040F76F}.Debug|Any CPU.Build.0 = Debug|Any CPU		{B3D78972-0605-4EFD-9DDD-3B04C040F76F}.Release|Any CPU.ActiveCfg = Release|Any CPU		{B3D78972-0605-4EFD-9DDD-3B04C040F76F}.Release|Any CPU.Build.0 = Release|Any CPU		{7BB96F28-9A86-477D-9BF8-1D86942548F9}.Debug|Any CPU.ActiveCfg = Debug|Any CPU		{7BB96F28-9A86-477D-9BF8-1D86942548F9}.Debug|Any CPU.Build.0 = Debug|Any CPU		{7BB96F28-9A86-477D-9BF8-1D86942548F9}.Release|Any CPU.ActiveCfg = Release|Any CPU		{7BB96F28-9A86-477D-9BF8-1D86942548F9}.Release|Any CPU.Build.0 = Release|Any CPU		{E7AEB8B3-38D2-4FD8-AF00-26F47C96610B}.Debug|Any CPU.ActiveCfg = Debug|Any CPU		{E7AEB8B3-38D2-4FD8-AF00-26F47C96610B}.Debug|Any CPU.Build.0 = Debug|Any CPU		{E7AEB8B3-38D2-4FD8-AF00-26F47C96610B}.Release|Any CPU.ActiveCfg = Release|Any CPU		{E7AEB8B3-38D2-4FD8-AF00-26F47C96610B}.Release|Any CPU.Build.0 = Release|Any CPU		{561F33C7-19FC-4DFF-BDB2-B94885B292C3}.Debug|Any CPU.ActiveCfg = Debug|Any CPU		{561F33C7-19FC-4DFF-BDB2-B94885B292C3}.Debug|Any CPU.Build.0 = Debug|Any CPU		{561F33C7-19FC-4DFF-BDB2-B94885B292C3}.Release|Any CPU.ActiveCfg = Release|Any CPU		{561F33C7-19FC-4DFF-BDB2-B94885B292C3}.Release|Any CPU.Build.0 = Release|Any CPU		{986277F3-A17C-47E2-8841-DB31016504CD}.Debug|Any CPU.ActiveCfg = Debug|Any CPU		{986277F3-A17C-47E2-8841-DB31016504CD}.Debug|Any CPU.Build.0 = Debug|Any CPU		{986277F3-A17C-47E2-8841-DB31016504CD}.Release|Any CPU.ActiveCfg = Release|Any CPU		{986277F3-A17C-47E2-8841-DB31016504CD}.Release|Any CPU.Build.0 = Release|Any CPU		{75FD3DD2-B6AC-45E6-90CF-476017F3711A}.Debug|Any CPU.ActiveCfg = Debug|Any CPU		{75FD3DD2-B6AC-45E6-90CF-476017F3711A}.Debug|Any CPU.Build.0 = Debug|Any CPU		{75FD3DD2-B6AC-45E6-90CF-476017F3711A}.Release|Any CPU.ActiveCfg = Release|Any CPU		{75FD3DD2-B6AC-45E6-90CF-476017F3711A}.Release|Any CPU.Build.0 = Release|Any CPU		{240F6641-AC83-4928-BB9F-3FF0556D6B5F}.Debug|Any CPU.ActiveCfg = Debug|Any CPU		{240F6641-AC83-4928-BB9F-3FF0556D6B5F}.Debug|Any CPU.Build.0 = Debug|Any CPU		{240F6641-AC83-4928-BB9F-3FF0556D6B5F}.Release|Any CPU.ActiveCfg = Release|Any CPU		{240F6641-AC83-4928-BB9F-3FF0556D6B5F}.Release|Any CPU.Build.0 = Release|Any CPU	EndGlobalSection
	GlobalSection(SolutionProperties) = preSolution		HideSolutionNode = FALSE	EndGlobalSectionEndGlobal